
Microsoft Visual Studio Solution File, Format Version 12.00
# Visual Studio Version 17
VisualStudioVersion = 17.11.35312.102
MinimumVisualStudioVersion = 10.0.40219.1
Project("{8BC9CEB8-8B4A-11D0-8D11-00A0C91BC942}") = "09-09", "09-09\09-09.vcxproj", "{AFB066E4-94B3-4894-9152-29DC9B1D0211}"
EndProject
Global
	GlobalSection(SolutionConfigurationPlatforms) = preSolution
		Debug|x64 = Debug|x64
		Debug|x86 = Debug|x86
		Release|x64 = Release|x64
		Release|x86 = Release|x86
	EndGlobalSection
	GlobalSection(ProjectConfigurationPlatforms) = postSolution
		{AFB066E4-94B3-4894-9152-29DC9B1D0211}.Debug|x64.ActiveCfg = Debug|x64
		{AFB066E4-94B3-4894-9152-29DC9B1D0211}.Debug|x64.Build.0 = Debug|x64
		{AFB066E4-94B3-4894-9152-29DC9B1D0211}.Debug|x86.ActiveCfg = Debug|Win32
		{AFB066E4-94B3-4894-9152-29DC9B1D0211}.Debug|x86.Build.0 = Debug|Win32
		{AFB066E4-94B3-4894-9152-29DC9B1D0211}.Release|x64.ActiveCfg = Release|x64
		{AFB066E4-94B3-4894-9152-29DC9B1D0211}.Release|x64.Build.0 = Release|x64
		{AFB066E4-94B3-4894-9152-29DC9B1D0211}.Release|x86.ActiveCfg = Release|Win32
		{AFB066E4-94B3-4894-9152-29DC9B1D0211}.Release|x86.Build.0 = Release|Win32
	EndGlobalSection
	GlobalSection(SolutionProperties) = preSolution
		HideSolutionNode = FALSE
	EndGlobalSection
	GlobalSection(ExtensibilityGlobals) = postSolution
		SolutionGuid = {7C1ED310-F534-492B-8548-34B80388BFBD}
	EndGlobalSection
EndGlobal
